// !$*UTF8*$!
{
	archiveVersion = 1;
	classes = {
	};
	objectVersion = 56;
	objects = {

/* Begin PBXBuildFile section */
		13089D5D2B75FEB1004F41FF /* AppDelegate.swift in Sources */ = {isa = PBXBuildFile; fileRef = 13089D5C2B75FEB1004F41FF /* AppDelegate.swift */; };
		13089D5F2B75FEB1004F41FF /* SceneDelegate.swift in Sources */ = {isa = PBXBuildFile; fileRef = 13089D5E2B75FEB1004F41FF /* SceneDelegate.swift */; };
		13089D612B75FEB1004F41FF /* HomeViewController.swift in Sources */ = {isa = PBXBuildFile; fileRef = 13089D602B75FEB1004F41FF /* HomeViewController.swift */; };
		13089D642B75FEB1004F41FF /* Main.storyboard in Resources */ = {isa = PBXBuildFile; fileRef = 13089D622B75FEB1004F41FF /* Main.storyboard */; };
		13089D662B75FEB3004F41FF /* Assets.xcassets in Resources */ = {isa = PBXBuildFile; fileRef = 13089D652B75FEB3004F41FF /* Assets.xcassets */; };
		13089D692B75FEB3004F41FF /* LaunchScreen.storyboard in Resources */ = {isa = PBXBuildFile; fileRef = 13089D672B75FEB3004F41FF /* LaunchScreen.storyboard */; };
		13089D722B76001C004F41FF /* Extensions.swift in Sources */ = {isa = PBXBuildFile; fileRef = 13089D712B76001C004F41FF /* Extensions.swift */; };
		13B383F32B7C9D1E00766E21 /* FirebaseAnalytics in Frameworks */ = {isa = PBXBuildFile; productRef = 13B383F22B7C9D1E00766E21 /* FirebaseAnalytics */; };
		13B383F52B7C9D1E00766E21 /* FirebaseAnalyticsOnDeviceConversion in Frameworks */ = {isa = PBXBuildFile; productRef = 13B383F42B7C9D1E00766E21 /* FirebaseAnalyticsOnDeviceConversion */; };
		13B383F72B7C9D1E00766E21 /* FirebaseAnalyticsSwift in Frameworks */ = {isa = PBXBuildFile; productRef = 13B383F62B7C9D1E00766E21 /* FirebaseAnalyticsSwift */; };
		13B383F92B7C9D1E00766E21 /* FirebaseAnalyticsWithoutAdIdSupport in Frameworks */ = {isa = PBXBuildFile; productRef = 13B383F82B7C9D1E00766E21 /* FirebaseAnalyticsWithoutAdIdSupport */; };
		13B383FB2B7C9D1E00766E21 /* FirebaseAppCheck in Frameworks */ = {isa = PBXBuildFile; productRef = 13B383FA2B7C9D1E00766E21 /* FirebaseAppCheck */; };
		13B383FD2B7C9D1E00766E21 /* FirebaseAppDistribution-Beta in Frameworks */ = {isa = PBXBuildFile; productRef = 13B383FC2B7C9D1E00766E21 /* FirebaseAppDistribution-Beta */; };
		13B383FF2B7C9D1E00766E21 /* FirebaseAuth in Frameworks */ = {isa = PBXBuildFile; productRef = 13B383FE2B7C9D1E00766E21 /* FirebaseAuth */; };
		13B384012B7C9D1E00766E21 /* FirebaseAuthCombine-Community in Frameworks */ = {isa = PBXBuildFile; productRef = 13B384002B7C9D1E00766E21 /* FirebaseAuthCombine-Community */; };
		13B384032B7C9D1E00766E21 /* FirebaseCrashlytics in Frameworks */ = {isa = PBXBuildFile; productRef = 13B384022B7C9D1E00766E21 /* FirebaseCrashlytics */; };
		13B384052B7C9D1E00766E21 /* FirebaseDatabase in Frameworks */ = {isa = PBXBuildFile; productRef = 13B384042B7C9D1E00766E21 /* FirebaseDatabase */; };
		13B384072B7C9D1E00766E21 /* FirebaseDatabaseSwift in Frameworks */ = {isa = PBXBuildFile; productRef = 13B384062B7C9D1E00766E21 /* FirebaseDatabaseSwift */; };
		13B384092B7C9D1E00766E21 /* FirebaseDynamicLinks in Frameworks */ = {isa = PBXBuildFile; productRef = 13B384082B7C9D1E00766E21 /* FirebaseDynamicLinks */; };
		13C1A6632B7F0C0E0072A7C1 /* FirebaseFirestore in Frameworks */ = {isa = PBXBuildFile; productRef = 13C1A6622B7F0C0E0072A7C1 /* FirebaseFirestore */; };
		13C1A6652B7F0C0E0072A7C1 /* FirebaseFirestoreSwift in Frameworks */ = {isa = PBXBuildFile; productRef = 13C1A6642B7F0C0E0072A7C1 /* FirebaseFirestoreSwift */; };
		13C1A6662B7F0F900072A7C1 /* Pods_Judgement.framework in Frameworks */ = {isa = PBXBuildFile; fileRef = B288E9D67F22A22EDAA5A5B5 /* Pods_Judgement.framework */; };
		13C1A6672B7F0F900072A7C1 /* Pods_Judgement.framework in Embed Frameworks */ = {isa = PBXBuildFile; fileRef = B288E9D67F22A22EDAA5A5B5 /* Pods_Judgement.framework */; settings = {ATTRIBUTES = (CodeSignOnCopy, RemoveHeadersOnCopy, ); }; };
		13C1A66A2B7F20550072A7C1 /* GoogleService-Info.plist in Resources */ = {isa = PBXBuildFile; fileRef = 13C1A6692B7F20550072A7C1 /* GoogleService-Info.plist */; };
/* End PBXBuildFile section */

/* Begin PBXCopyFilesBuildPhase section */
		13C1A6682B7F0F900072A7C1 /* Embed Frameworks */ = {
			isa = PBXCopyFilesBuildPhase;
			buildActionMask = 2147483647;
			dstPath = "";
			dstSubfolderSpec = 10;
			files = (
				13C1A6672B7F0F900072A7C1 /* Pods_Judgement.framework in Embed Frameworks */,
			);
			name = "Embed Frameworks";
			runOnlyForDeploymentPostprocessing = 0;
		};
/* End PBXCopyFilesBuildPhase section */

/* Begin PBXFileReference section */
		13089D592B75FEB1004F41FF /* Judgement.app */ = {isa = PBXFileReference; explicitFileType = wrapper.application; includeInIndex = 0; path = Judgement.app; sourceTree = BUILT_PRODUCTS_DIR; };
		13089D5C2B75FEB1004F41FF /* AppDelegate.swift */ = {isa = PBXFileReference; lastKnownFileType = sourcecode.swift; path = AppDelegate.swift; sourceTree = "<group>"; };
		13089D5E2B75FEB1004F41FF /* SceneDelegate.swift */ = {isa = PBXFileReference; lastKnownFileType = sourcecode.swift; path = SceneDelegate.swift; sourceTree = "<group>"; };
		13089D602B75FEB1004F41FF /* HomeViewController.swift */ = {isa = PBXFileReference; lastKnownFileType = sourcecode.swift; path = HomeViewController.swift; sourceTree = "<group>"; };
		13089D632B75FEB1004F41FF /* Base */ = {isa = PBXFileReference; lastKnownFileType = file.storyboard; name = Base; path = Base.lproj/Main.storyboard; sourceTree = "<group>"; };
		13089D652B75FEB3004F41FF /* Assets.xcassets */ = {isa = PBXFileReference; lastKnownFileType = folder.assetcatalog; path = Assets.xcassets; sourceTree = "<group>"; };
		13089D682B75FEB3004F41FF /* Base */ = {isa = PBXFileReference; lastKnownFileType = file.storyboard; name = Base; path = Base.lproj/LaunchScreen.storyboard; sourceTree = "<group>"; };
		13089D6A2B75FEB3004F41FF /* Info.plist */ = {isa = PBXFileReference; lastKnownFileType = text.plist.xml; path = Info.plist; sourceTree = "<group>"; };
		13089D712B76001C004F41FF /* Extensions.swift */ = {isa = PBXFileReference; lastKnownFileType = sourcecode.swift; path = Extensions.swift; sourceTree = "<group>"; };
		13C1A6692B7F20550072A7C1 /* GoogleService-Info.plist */ = {isa = PBXFileReference; fileEncoding = 4; lastKnownFileType = text.plist.xml; path = "GoogleService-Info.plist"; sourceTree = "<group>"; };
		6C6FFA76AA504BD3FD5630C9 /* Pods-Judgement.release.xcconfig */ = {isa = PBXFileReference; includeInIndex = 1; lastKnownFileType = text.xcconfig; name = "Pods-Judgement.release.xcconfig"; path = "Target Support Files/Pods-Judgement/Pods-Judgement.release.xcconfig"; sourceTree = "<group>"; };
		B288E9D67F22A22EDAA5A5B5 /* Pods_Judgement.framework */ = {isa = PBXFileReference; explicitFileType = wrapper.framework; includeInIndex = 0; path = Pods_Judgement.framework; sourceTree = BUILT_PRODUCTS_DIR; };
		FEC75673FAA836FB57FDF251 /* Pods-Judgement.debug.xcconfig */ = {isa = PBXFileReference; includeInIndex = 1; lastKnownFileType = text.xcconfig; name = "Pods-Judgement.debug.xcconfig"; path = "Target Support Files/Pods-Judgement/Pods-Judgement.debug.xcconfig"; sourceTree = "<group>"; };
/* End PBXFileReference section */

/* Begin PBXFrameworksBuildPhase section */
		13089D562B75FEB1004F41FF /* Frameworks */ = {
			isa = PBXFrameworksBuildPhase;
			buildActionMask = 2147483647;
			files = (
				13B384072B7C9D1E00766E21 /* FirebaseDatabaseSwift in Frameworks */,
				13B383FD2B7C9D1E00766E21 /* FirebaseAppDistribution-Beta in Frameworks */,
				13B384012B7C9D1E00766E21 /* FirebaseAuthCombine-Community in Frameworks */,
				13B383F72B7C9D1E00766E21 /* FirebaseAnalyticsSwift in Frameworks */,
				13B383F92B7C9D1E00766E21 /* FirebaseAnalyticsWithoutAdIdSupport in Frameworks */,
				13C1A6652B7F0C0E0072A7C1 /* FirebaseFirestoreSwift in Frameworks */,
				13B383F32B7C9D1E00766E21 /* FirebaseAnalytics in Frameworks */,
				13B383F52B7C9D1E00766E21 /* FirebaseAnalyticsOnDeviceConversion in Frameworks */,
				13B383FB2B7C9D1E00766E21 /* FirebaseAppCheck in Frameworks */,
				13B384032B7C9D1E00766E21 /* FirebaseCrashlytics in Frameworks */,
				13B384052B7C9D1E00766E21 /* FirebaseDatabase in Frameworks */,
				13B383FF2B7C9D1E00766E21 /* FirebaseAuth in Frameworks */,
				13B384092B7C9D1E00766E21 /* FirebaseDynamicLinks in Frameworks */,
				13C1A6632B7F0C0E0072A7C1 /* FirebaseFirestore in Frameworks */,
				13C1A6662B7F0F900072A7C1 /* Pods_Judgement.framework in Frameworks */,
			);
			runOnlyForDeploymentPostprocessing = 0;
		};
/* End PBXFrameworksBuildPhase section */

/* Begin PBXGroup section */
		13089D502B75FEB1004F41FF = {
			isa = PBXGroup;
			children = (
				13089D5B2B75FEB1004F41FF /* Judgement */,
				13089D5A2B75FEB1004F41FF /* Products */,
				9172CCF534EF19CB23F7A8B0 /* Pods */,
				62B20BC35BF2093EA75E75ED /* Frameworks */,
			);
			sourceTree = "<group>";
		};
		13089D5A2B75FEB1004F41FF /* Products */ = {
			isa = PBXGroup;
			children = (
				13089D592B75FEB1004F41FF /* Judgement.app */,
			);
			name = Products;
			sourceTree = "<group>";
		};
		13089D5B2B75FEB1004F41FF /* Judgement */ = {
			isa = PBXGroup;
			children = (
				13C1A6692B7F20550072A7C1 /* GoogleService-Info.plist */,
				13089D762B760130004F41FF /* ViewModels */,
				13089D752B76012B004F41FF /* Models */,
				13089D742B760121004F41FF /* Views */,
				13089D732B760117004F41FF /* Controllers */,
				13089D702B76000D004F41FF /* Resources */,
				13089D6A2B75FEB3004F41FF /* Info.plist */,
			);
			path = Judgement;
			sourceTree = "<group>";
		};
		13089D702B76000D004F41FF /* Resources */ = {
			isa = PBXGroup;
			children = (
				13089D5C2B75FEB1004F41FF /* AppDelegate.swift */,
				13089D5E2B75FEB1004F41FF /* SceneDelegate.swift */,
				13089D712B76001C004F41FF /* Extensions.swift */,
			);
			path = Resources;
			sourceTree = "<group>";
		};
		13089D732B760117004F41FF /* Controllers */ = {
			isa = PBXGroup;
			children = (
				13089D602B75FEB1004F41FF /* HomeViewController.swift */,
			);
			path = Controllers;
			sourceTree = "<group>";
		};
		13089D742B760121004F41FF /* Views */ = {
			isa = PBXGroup;
			children = (
				13089D622B75FEB1004F41FF /* Main.storyboard */,
				13089D652B75FEB3004F41FF /* Assets.xcassets */,
				13089D672B75FEB3004F41FF /* LaunchScreen.storyboard */,
			);
			path = Views;
			sourceTree = "<group>";
		};
		13089D752B76012B004F41FF /* Models */ = {
			isa = PBXGroup;
			children = (
			);
			path = Models;
			sourceTree = "<group>";
		};
		13089D762B760130004F41FF /* ViewModels */ = {
			isa = PBXGroup;
			children = (
			);
			path = ViewModels;
			sourceTree = "<group>";
		};
		62B20BC35BF2093EA75E75ED /* Frameworks */ = {
			isa = PBXGroup;
			children = (
				B288E9D67F22A22EDAA5A5B5 /* Pods_Judgement.framework */,
			);
			name = Frameworks;
			sourceTree = "<group>";
		};
		9172CCF534EF19CB23F7A8B0 /* Pods */ = {
			isa = PBXGroup;
			children = (
				FEC75673FAA836FB57FDF251 /* Pods-Judgement.debug.xcconfig */,
				6C6FFA76AA504BD3FD5630C9 /* Pods-Judgement.release.xcconfig */,
			);
			path = Pods;
			sourceTree = "<group>";
		};
/* End PBXGroup section */

/* Begin PBXNativeTarget section */
		13089D582B75FEB1004F41FF /* Judgement */ = {
			isa = PBXNativeTarget;
			buildConfigurationList = 13089D6D2B75FEB3004F41FF /* Build configuration list for PBXNativeTarget "Judgement" */;
			buildPhases = (
				F879595DDEF5541B57ADA2AC /* [CP] Check Pods Manifest.lock */,
				13089D552B75FEB1004F41FF /* Sources */,
				13089D562B75FEB1004F41FF /* Frameworks */,
				13089D572B75FEB1004F41FF /* Resources */,
				13C1A6682B7F0F900072A7C1 /* Embed Frameworks */,
			);
			buildRules = (
			);
			dependencies = (
			);
			name = Judgement;
			packageProductDependencies = (
				13B383F22B7C9D1E00766E21 /* FirebaseAnalytics */,
				13B383F42B7C9D1E00766E21 /* FirebaseAnalyticsOnDeviceConversion */,
				13B383F62B7C9D1E00766E21 /* FirebaseAnalyticsSwift */,
				13B383F82B7C9D1E00766E21 /* FirebaseAnalyticsWithoutAdIdSupport */,
				13B383FA2B7C9D1E00766E21 /* FirebaseAppCheck */,
				13B383FC2B7C9D1E00766E21 /* FirebaseAppDistribution-Beta */,
				13B383FE2B7C9D1E00766E21 /* FirebaseAuth */,
				13B384002B7C9D1E00766E21 /* FirebaseAuthCombine-Community */,
				13B384022B7C9D1E00766E21 /* FirebaseCrashlytics */,
				13B384042B7C9D1E00766E21 /* FirebaseDatabase */,
				13B384062B7C9D1E00766E21 /* FirebaseDatabaseSwift */,
				13B384082B7C9D1E00766E21 /* FirebaseDynamicLinks */,
				13C1A6622B7F0C0E0072A7C1 /* FirebaseFirestore */,
				13C1A6642B7F0C0E0072A7C1 /* FirebaseFirestoreSwift */,
			);
			productName = Judgement;
			productReference = 13089D592B75FEB1004F41FF /* Judgement.app */;
			productType = "com.apple.product-type.application";
		};
/* End PBXNativeTarget section */

/* Begin PBXProject section */
		13089D512B75FEB1004F41FF /* Project object */ = {
			isa = PBXProject;
			attributes = {
				BuildIndependentTargetsInParallel = 1;
				LastSwiftUpdateCheck = 1500;
				LastUpgradeCheck = 1500;
				TargetAttributes = {
					13089D582B75FEB1004F41FF = {
						CreatedOnToolsVersion = 15.0;
					};
				};
			};
			buildConfigurationList = 13089D542B75FEB1004F41FF /* Build configuration list for PBXProject "Judgement" */;
			compatibilityVersion = "Xcode 14.0";
			developmentRegion = en;
			hasScannedForEncodings = 0;
			knownRegions = (
				en,
				Base,
			);
			mainGroup = 13089D502B75FEB1004F41FF;
			packageReferences = (
				13B383F12B7C9D1D00766E21 /* XCRemoteSwiftPackageReference "firebase-ios-sdk" */,
			);
			productRefGroup = 13089D5A2B75FEB1004F41FF /* Products */;
			projectDirPath = "";
			projectRoot = "";
			targets = (
				13089D582B75FEB1004F41FF /* Judgement */,
			);
		};
/* End PBXProject section */

/* Begin PBXResourcesBuildPhase section */
		13089D572B75FEB1004F41FF /* Resources */ = {
			isa = PBXResourcesBuildPhase;
			buildActionMask = 2147483647;
			files = (
				13089D692B75FEB3004F41FF /* LaunchScreen.storyboard in Resources */,
				13C1A66A2B7F20550072A7C1 /* GoogleService-Info.plist in Resources */,
				13089D662B75FEB3004F41FF /* Assets.xcassets in Resources */,
				13089D642B75FEB1004F41FF /* Main.storyboard in Resources */,
			);
			runOnlyForDeploymentPostprocessing = 0;
		};
/* End PBXResourcesBuildPhase section */

/* Begin PBXShellScriptBuildPhase section */
		F879595DDEF5541B57ADA2AC /* [CP] Check Pods Manifest.lock */ = {
			isa = PBXShellScriptBuildPhase;
			buildActionMask = 2147483647;
			files = (
			);
			inputFileListPaths = (
			);
			inputPaths = (
				"${PODS_PODFILE_DIR_PATH}/Podfile.lock",
				"${PODS_ROOT}/Manifest.lock",
			);
			name = "[CP] Check Pods Manifest.lock";
			outputFileListPaths = (
			);
			outputPaths = (
				"$(DERIVED_FILE_DIR)/Pods-Judgement-checkManifestLockResult.txt",
			);
			runOnlyForDeploymentPostprocessing = 0;
			shellPath = /bin/sh;
			shellScript = "diff \"${PODS_PODFILE_DIR_PATH}/Podfile.lock\" \"${PODS_ROOT}/Manifest.lock\" > /dev/null\nif [ $? != 0 ] ; then\n    # print error to STDERR\n    echo \"error: The sandbox is not in sync with the Podfile.lock. Run 'pod install' or update your CocoaPods installation.\" >&2\n    exit 1\nfi\n# This output is used by Xcode 'outputs' to avoid re-running this script phase.\necho \"SUCCESS\" > \"${SCRIPT_OUTPUT_FILE_0}\"\n";
			showEnvVarsInLog = 0;
		};
/* End PBXShellScriptBuildPhase section */

/* Begin PBXSourcesBuildPhase section */
		13089D552B75FEB1004F41FF /* Sources */ = {
			isa = PBXSourcesBuildPhase;
			buildActionMask = 2147483647;
			files = (
				13089D612B75FEB1004F41FF /* HomeViewController.swift in Sources */,
				13089D5D2B75FEB1004F41FF /* AppDelegate.swift in Sources */,
				13089D5F2B75FEB1004F41FF /* SceneDelegate.swift in Sources */,
				13089D722B76001C004F41FF /* Extensions.swift in Sources */,
			);
			runOnlyForDeploymentPostprocessing = 0;
		};
/* End PBXSourcesBuildPhase section */

/* Begin PBXVariantGroup section */
		13089D622B75FEB1004F41FF /* Main.storyboard */ = {
			isa = PBXVariantGroup;
			children = (
				13089D632B75FEB1004F41FF /* Base */,
			);
			name = Main.storyboard;
			sourceTree = "<group>";
		};
		13089D672B75FEB3004F41FF /* LaunchScreen.storyboard */ = {
			isa = PBXVariantGroup;
			children = (
				13089D682B75FEB3004F41FF /* Base */,
			);
			name = LaunchScreen.storyboard;
			sourceTree = "<group>";
		};
/* End PBXVariantGroup section */

/* Begin XCBuildConfiguration section */
		13089D6B2B75FEB3004F41FF /* Debug */ = {
			isa = XCBuildConfiguration;
			buildSettings = {
				ALWAYS_SEARCH_USER_PATHS = NO;
				ASSETCATALOG_COMPILER_GENERATE_SWIFT_ASSET_SYMBOL_EXTENSIONS = YES;
				CLANG_ANALYZER_NONNULL = YES;
				CLANG_ANALYZER_NUMBER_OBJECT_CONVERSION = YES_AGGRESSIVE;
				CLANG_CXX_LANGUAGE_STANDARD = "gnu++20";
				CLANG_ENABLE_MODULES = YES;
				CLANG_ENABLE_OBJC_ARC = YES;
				CLANG_ENABLE_OBJC_WEAK = YES;
				CLANG_WARN_BLOCK_CAPTURE_AUTORELEASING = YES;
				CLANG_WARN_BOOL_CONVERSION = YES;
				CLANG_WARN_COMMA = YES;
				CLANG_WARN_CONSTANT_CONVERSION = YES;
				CLANG_WARN_DEPRECATED_OBJC_IMPLEMENTATIONS = YES;
				CLANG_WARN_DIRECT_OBJC_ISA_USAGE = YES_ERROR;
				CLANG_WARN_DOCUMENTATION_COMMENTS = YES;
				CLANG_WARN_EMPTY_BODY = YES;
				CLANG_WARN_ENUM_CONVERSION = YES;
				CLANG_WARN_INFINITE_RECURSION = YES;
				CLANG_WARN_INT_CONVERSION = YES;
				CLANG_WARN_NON_LITERAL_NULL_CONVERSION = YES;
				CLANG_WARN_OBJC_IMPLICIT_RETAIN_SELF = YES;
				CLANG_WARN_OBJC_LITERAL_CONVERSION = YES;
				CLANG_WARN_OBJC_ROOT_CLASS = YES_ERROR;
				CLANG_WARN_QUOTED_INCLUDE_IN_FRAMEWORK_HEADER = YES;
				CLANG_WARN_RANGE_LOOP_ANALYSIS = YES;
				CLANG_WARN_STRICT_PROTOTYPES = YES;
				CLANG_WARN_SUSPICIOUS_MOVE = YES;
				CLANG_WARN_UNGUARDED_AVAILABILITY = YES_AGGRESSIVE;
				CLANG_WARN_UNREACHABLE_CODE = YES;
				CLANG_WARN__DUPLICATE_METHOD_MATCH = YES;
				COPY_PHASE_STRIP = NO;
				DEBUG_INFORMATION_FORMAT = dwarf;
				ENABLE_STRICT_OBJC_MSGSEND = YES;
				ENABLE_TESTABILITY = YES;
				ENABLE_USER_SCRIPT_SANDBOXING = YES;
				GCC_C_LANGUAGE_STANDARD = gnu17;
				GCC_DYNAMIC_NO_PIC = NO;
				GCC_NO_COMMON_BLOCKS = YES;
				GCC_OPTIMIZATION_LEVEL = 0;
				GCC_PREPROCESSOR_DEFINITIONS = (
					"DEBUG=1",
					"$(inherited)",
				);
				GCC_WARN_64_TO_32_BIT_CONVERSION = YES;
				GCC_WARN_ABOUT_RETURN_TYPE = YES_ERROR;
				GCC_WARN_UNDECLARED_SELECTOR = YES;
				GCC_WARN_UNINITIALIZED_AUTOS = YES_AGGRESSIVE;
				GCC_WARN_UNUSED_FUNCTION = YES;
				GCC_WARN_UNUSED_VARIABLE = YES;
				IPHONEOS_DEPLOYMENT_TARGET = 17.0;
				LOCALIZATION_PREFERS_STRING_CATALOGS = YES;
				MTL_ENABLE_DEBUG_INFO = INCLUDE_SOURCE;
				MTL_FAST_MATH = YES;
				ONLY_ACTIVE_ARCH = YES;
				SDKROOT = iphoneos;
				SWIFT_ACTIVE_COMPILATION_CONDITIONS = "DEBUG $(inherited)";
				SWIFT_OPTIMIZATION_LEVEL = "-Onone";
			};
			name = Debug;
		};
		13089D6C2B75FEB3004F41FF /* Release */ = {
			isa = XCBuildConfiguration;
			buildSettings = {
				ALWAYS_SEARCH_USER_PATHS = NO;
				ASSETCATALOG_COMPILER_GENERATE_SWIFT_ASSET_SYMBOL_EXTENSIONS = YES;
				CLANG_ANALYZER_NONNULL = YES;
				CLANG_ANALYZER_NUMBER_OBJECT_CONVERSION = YES_AGGRESSIVE;
				CLANG_CXX_LANGUAGE_STANDARD = "gnu++20";
				CLANG_ENABLE_MODULES = YES;
				CLANG_ENABLE_OBJC_ARC = YES;
				CLANG_ENABLE_OBJC_WEAK = YES;
				CLANG_WARN_BLOCK_CAPTURE_AUTORELEASING = YES;
				CLANG_WARN_BOOL_CONVERSION = YES;
				CLANG_WARN_COMMA = YES;
				CLANG_WARN_CONSTANT_CONVERSION = YES;
				CLANG_WARN_DEPRECATED_OBJC_IMPLEMENTATIONS = YES;
				CLANG_WARN_DIRECT_OBJC_ISA_USAGE = YES_ERROR;
				CLANG_WARN_DOCUMENTATION_COMMENTS = YES;
				CLANG_WARN_EMPTY_BODY = YES;
				CLANG_WARN_ENUM_CONVERSION = YES;
				CLANG_WARN_INFINITE_RECURSION = YES;
				CLANG_WARN_INT_CONVERSION = YES;
				CLANG_WARN_NON_LITERAL_NULL_CONVERSION = YES;
				CLANG_WARN_OBJC_IMPLICIT_RETAIN_SELF = YES;
				CLANG_WARN_OBJC_LITERAL_CONVERSION = YES;
				CLANG_WARN_OBJC_ROOT_CLASS = YES_ERROR;
				CLANG_WARN_QUOTED_INCLUDE_IN_FRAMEWORK_HEADER = YES;
				CLANG_WARN_RANGE_LOOP_ANALYSIS = YES;
				CLANG_WARN_STRICT_PROTOTYPES = YES;
				CLANG_WARN_SUSPICIOUS_MOVE = YES;
				CLANG_WARN_UNGUARDED_AVAILABILITY = YES_AGGRESSIVE;
				CLANG_WARN_UNREACHABLE_CODE = YES;
				CLANG_WARN__DUPLICATE_METHOD_MATCH = YES;
				COPY_PHASE_STRIP = NO;
				DEBUG_INFORMATION_FORMAT = "dwarf-with-dsym";
				ENABLE_NS_ASSERTIONS = NO;
				ENABLE_STRICT_OBJC_MSGSEND = YES;
				ENABLE_USER_SCRIPT_SANDBOXING = YES;
				GCC_C_LANGUAGE_STANDARD = gnu17;
				GCC_NO_COMMON_BLOCKS = YES;
				GCC_WARN_64_TO_32_BIT_CONVERSION = YES;
				GCC_WARN_ABOUT_RETURN_TYPE = YES_ERROR;
				GCC_WARN_UNDECLARED_SELECTOR = YES;
				GCC_WARN_UNINITIALIZED_AUTOS = YES_AGGRESSIVE;
				GCC_WARN_UNUSED_FUNCTION = YES;
				GCC_WARN_UNUSED_VARIABLE = YES;
				IPHONEOS_DEPLOYMENT_TARGET = 17.0;
				LOCALIZATION_PREFERS_STRING_CATALOGS = YES;
				MTL_ENABLE_DEBUG_INFO = NO;
				MTL_FAST_MATH = YES;
				SDKROOT = iphoneos;
				SWIFT_COMPILATION_MODE = wholemodule;
				VALIDATE_PRODUCT = YES;
			};
			name = Release;
		};
		13089D6E2B75FEB3004F41FF /* Debug */ = {
			isa = XCBuildConfiguration;
			baseConfigurationReference = FEC75673FAA836FB57FDF251 /* Pods-Judgement.debug.xcconfig */;
			buildSettings = {
				ASSETCATALOG_COMPILER_APPICON_NAME = AppIcon;
				ASSETCATALOG_COMPILER_GLOBAL_ACCENT_COLOR_NAME = AccentColor;
				CODE_SIGN_STYLE = Automatic;
				CURRENT_PROJECT_VERSION = 1;
				DEVELOPMENT_TEAM = X9DXZX434G;
				"FRAMEWORK_SEARCH_PATHS[arch=*]" = "";
				GENERATE_INFOPLIST_FILE = YES;
				INFOPLIST_FILE = Judgement/Info.plist;
				INFOPLIST_KEY_UIApplicationSupportsIndirectInputEvents = YES;
				INFOPLIST_KEY_UILaunchStoryboardName = LaunchScreen;
				INFOPLIST_KEY_UIMainStoryboardFile = Main;
				INFOPLIST_KEY_UISupportedInterfaceOrientations = UIInterfaceOrientationPortrait;
				IPHONEOS_DEPLOYMENT_TARGET = 13.0;
				LD_RUNPATH_SEARCH_PATHS = (
					"$(inherited)",
					"@executable_path/Frameworks",
				);
				MARKETING_VERSION = 1.0;
				PRODUCT_BUNDLE_IDENTIFIER = test.Judgement;
				PRODUCT_NAME = "$(TARGET_NAME)";
				SUPPORTED_PLATFORMS = "iphoneos iphonesimulator";
				SUPPORTS_MACCATALYST = NO;
				SUPPORTS_MAC_DESIGNED_FOR_IPHONE_IPAD = NO;
				SWIFT_EMIT_LOC_STRINGS = YES;
				SWIFT_VERSION = 5.0;
				TARGETED_DEVICE_FAMILY = "1,2";
			};
			name = Debug;
		};
		13089D6F2B75FEB3004F41FF /* Release */ = {
			isa = XCBuildConfiguration;
			baseConfigurationReference = 6C6FFA76AA504BD3FD5630C9 /* Pods-Judgement.release.xcconfig */;
			buildSettings = {
				ASSETCATALOG_COMPILER_APPICON_NAME = AppIcon;
				ASSETCATALOG_COMPILER_GLOBAL_ACCENT_COLOR_NAME = AccentColor;
				CODE_SIGN_STYLE = Automatic;
				CURRENT_PROJECT_VERSION = 1;
				DEVELOPMENT_TEAM = X9DXZX434G;
				GENERATE_INFOPLIST_FILE = YES;
				INFOPLIST_FILE = Judgement/Info.plist;
				INFOPLIST_KEY_UIApplicationSupportsIndirectInputEvents = YES;
				INFOPLIST_KEY_UILaunchStoryboardName = LaunchScreen;
				INFOPLIST_KEY_UIMainStoryboardFile = Main;
				INFOPLIST_KEY_UISupportedInterfaceOrientations = UIInterfaceOrientationPortrait;
				IPHONEOS_DEPLOYMENT_TARGET = 13.0;
				LD_RUNPATH_SEARCH_PATHS = (
					"$(inherited)",
					"@executable_path/Frameworks",
				);
				MARKETING_VERSION = 1.0;
				PRODUCT_BUNDLE_IDENTIFIER = test.Judgement;
				PRODUCT_NAME = "$(TARGET_NAME)";
				SUPPORTED_PLATFORMS = "iphoneos iphonesimulator";
				SUPPORTS_MACCATALYST = NO;
				SUPPORTS_MAC_DESIGNED_FOR_IPHONE_IPAD = NO;
				SWIFT_EMIT_LOC_STRINGS = YES;
				SWIFT_VERSION = 5.0;
				TARGETED_DEVICE_FAMILY = "1,2";
			};
			name = Release;
		};
/* End XCBuildConfiguration section */

/* Begin XCConfigurationList section */
		13089D542B75FEB1004F41FF /* Build configuration list for PBXProject "Judgement" */ = {
			isa = XCConfigurationList;
			buildConfigurations = (
				13089D6B2B75FEB3004F41FF /* Debug */,
				13089D6C2B75FEB3004F41FF /* Release */,
			);
			defaultConfigurationIsVisible = 0;
			defaultConfigurationName = Release;
		};
		13089D6D2B75FEB3004F41FF /* Build configuration list for PBXNativeTarget "Judgement" */ = {
			isa = XCConfigurationList;
			buildConfigurations = (
				13089D6E2B75FEB3004F41FF /* Debug */,
				13089D6F2B75FEB3004F41FF /* Release */,
			);
			defaultConfigurationIsVisible = 0;
			defaultConfigurationName = Release;
		};
/* End XCConfigurationList section */

/* Begin XCRemoteSwiftPackageReference section */
		13B383F12B7C9D1D00766E21 /* XCRemoteSwiftPackageReference "firebase-ios-sdk" */ = {
			isa = XCRemoteSwiftPackageReference;
			repositoryURL = "https://github.com/firebase/firebase-ios-sdk";
			requirement = {
				kind = upToNextMajorVersion;
				minimumVersion = 10.21.0;
			};
		};
/* End XCRemoteSwiftPackageReference section */

/* Begin XCSwiftPackageProductDependency section */
		13B383F22B7C9D1E00766E21 /* FirebaseAnalytics */ = {
			isa = XCSwiftPackageProductDependency;
			package = 13B383F12B7C9D1D00766E21 /* XCRemoteSwiftPackageReference "firebase-ios-sdk" */;
			productName = FirebaseAnalytics;
		};
		13B383F42B7C9D1E00766E21 /* FirebaseAnalyticsOnDeviceConversion */ = {
			isa = XCSwiftPackageProductDependency;
			package = 13B383F12B7C9D1D00766E21 /* XCRemoteSwiftPackageReference "firebase-ios-sdk" */;
			productName = FirebaseAnalyticsOnDeviceConversion;
		};
		13B383F62B7C9D1E00766E21 /* FirebaseAnalyticsSwift */ = {
			isa = XCSwiftPackageProductDependency;
			package = 13B383F12B7C9D1D00766E21 /* XCRemoteSwiftPackageReference "firebase-ios-sdk" */;
			productName = FirebaseAnalyticsSwift;
		};
		13B383F82B7C9D1E00766E21 /* FirebaseAnalyticsWithoutAdIdSupport */ = {
			isa = XCSwiftPackageProductDependency;
			package = 13B383F12B7C9D1D00766E21 /* XCRemoteSwiftPackageReference "firebase-ios-sdk" */;
			productName = FirebaseAnalyticsWithoutAdIdSupport;
		};
		13B383FA2B7C9D1E00766E21 /* FirebaseAppCheck */ = {
			isa = XCSwiftPackageProductDependency;
			package = 13B383F12B7C9D1D00766E21 /* XCRemoteSwiftPackageReference "firebase-ios-sdk" */;
			productName = FirebaseAppCheck;
		};
		13B383FC2B7C9D1E00766E21 /* FirebaseAppDistribution-Beta */ = {
			isa = XCSwiftPackageProductDependency;
			package = 13B383F12B7C9D1D00766E21 /* XCRemoteSwiftPackageReference "firebase-ios-sdk" */;
			productName = "FirebaseAppDistribution-Beta";
		};
		13B383FE2B7C9D1E00766E21 /* FirebaseAuth */ = {
			isa = XCSwiftPackageProductDependency;
			package = 13B383F12B7C9D1D00766E21 /* XCRemoteSwiftPackageReference "firebase-ios-sdk" */;
			productName = FirebaseAuth;
		};
		13B384002B7C9D1E00766E21 /* FirebaseAuthCombine-Community */ = {
			isa = XCSwiftPackageProductDependency;
			package = 13B383F12B7C9D1D00766E21 /* XCRemoteSwiftPackageReference "firebase-ios-sdk" */;
			productName = "FirebaseAuthCombine-Community";
		};
		13B384022B7C9D1E00766E21 /* FirebaseCrashlytics */ = {
			isa = XCSwiftPackageProductDependency;
			package = 13B383F12B7C9D1D00766E21 /* XCRemoteSwiftPackageReference "firebase-ios-sdk" */;
			productName = FirebaseCrashlytics;
		};
		13B384042B7C9D1E00766E21 /* FirebaseDatabase */ = {
			isa = XCSwiftPackageProductDependency;
			package = 13B383F12B7C9D1D00766E21 /* XCRemoteSwiftPackageReference "firebase-ios-sdk" */;
			productName = FirebaseDatabase;
		};
		13B384062B7C9D1E00766E21 /* FirebaseDatabaseSwift */ = {
			isa = XCSwiftPackageProductDependency;
			package = 13B383F12B7C9D1D00766E21 /* XCRemoteSwiftPackageReference "firebase-ios-sdk" */;
			productName = FirebaseDatabaseSwift;
		};
		13B384082B7C9D1E00766E21 /* FirebaseDynamicLinks */ = {
			isa = XCSwiftPackageProductDependency;
			package = 13B383F12B7C9D1D00766E21 /* XCRemoteSwiftPackageReference "firebase-ios-sdk" */;
			productName = FirebaseDynamicLinks;
		};
		13C1A6622B7F0C0E0072A7C1 /* FirebaseFirestore */ = {
			isa = XCSwiftPackageProductDependency;
			package = 13B383F12B7C9D1D00766E21 /* XCRemoteSwiftPackageReference "firebase-ios-sdk" */;
			productName = FirebaseFirestore;
		};
		13C1A6642B7F0C0E0072A7C1 /* FirebaseFirestoreSwift */ = {
			isa = XCSwiftPackageProductDependency;
			package = 13B383F12B7C9D1D00766E21 /* XCRemoteSwiftPackageReference "firebase-ios-sdk" */;
			productName = FirebaseFirestoreSwift;
		};
/* End XCSwiftPackageProductDependency section */
	};
	rootObject = 13089D512B75FEB1004F41FF /* Project object */;
}
